
Microsoft Visual Studio Solution File, Format Version 12.00
# Visual Studio Version 17
VisualStudioVersion = 17.6.33829.357
MinimumVisualStudioVersion = 10.0.40219.1
Project("{9A19103F-16F7-4668-BE54-9A1E7A4F7556}") = "CompetitiveBackend", "CompetitiveBackend\CompetitiveBackend.csproj", "{FB806204-0E0F-4291-8323-56325A0D995A}"
EndProject
Project("{FAE04EC0-301F-11D3-BF4B-00C04F79EFBC}") = "ServicesUnitTests", "ServicesUnitTests\ServicesUnitTests.csproj", "{DBFF1291-6DEF-43A8-BE80-E9F475B14BBA}"
EndProject
Project("{FAE04EC0-301F-11D3-BF4B-00C04F79EFBC}") = "Core", "Core\Core.csproj", "{E47FA2CD-B70A-41B3-8CCF-1922E4891002}"
EndProject
Project("{FAE04EC0-301F-11D3-BF4B-00C04F79EFBC}") = "Services", "Services\Services.csproj", "{B7F702CA-9224-4E80-A8FD-6C3C87417277}"
EndProject
Project("{FAE04EC0-301F-11D3-BF4B-00C04F79EFBC}") = "Repositories", "Repositories\Repositories.csproj", "{42FDDEBE-7D64-4DB2-B777-E0945F5672A6}"
EndProject
Project("{FAE04EC0-301F-11D3-BF4B-00C04F79EFBC}") = "ServicesRealisation", "ServicesRealisation\ServicesRealisation.csproj", "{21F9895C-6A76-4E28-946D-CE8B046390CE}"
EndProject
Project("{FAE04EC0-301F-11D3-BF4B-00C04F79EFBC}") = "ChronoServiceRealisation", "ChronoServiceRealisation\ChronoServiceRealisation.csproj", "{F70D5431-3A11-473D-8B7C-4CE08E99FD74}"
EndProject
Project("{FAE04EC0-301F-11D3-BF4B-00C04F79EFBC}") = "RepositoriesRealisation", "RepositoriesRealisation\RepositoriesRealisation.csproj", "{1CE260E0-7201-4893-8D5A-8FA828C5EED6}"
EndProject
Project("{E53339B2-1760-4266-BCC7-CA923CBCF16C}") = "docker-compose", "docker-compose.dcproj", "{81DDED9D-158B-E303-5F62-77A2896D2A5A}"
EndProject
Project("{FAE04EC0-301F-11D3-BF4B-00C04F79EFBC}") = "ImageProcessorRealisation", "ImageProcessorRealisation\ImageProcessorRealisation.csproj", "{C8967842-C19E-4D5A-9608-3284CE1592D8}"
EndProject
Project("{2150E333-8FDC-42A3-9474-1A3956D46DE8}") = "ChronoService", "ChronoService", "{36D591C7-65C7-A0D1-1CBC-10CDE441BDC8}"
EndProject
Project("{2150E333-8FDC-42A3-9474-1A3956D46DE8}") = "ImageProcessor", "ImageProcessor", "{24E3B766-8288-4D75-8EFD-7279D6E890B7}"
EndProject
Project("{2150E333-8FDC-42A3-9474-1A3956D46DE8}") = "Abstractions", "Abstractions", "{4F8C684C-8A5F-4193-AEAF-1416413E9A69}"
EndProject
Project("{2150E333-8FDC-42A3-9474-1A3956D46DE8}") = "Repositories", "Repositories", "{8D3BD898-2439-4FC2-87D1-4390B07F2772}"
	ProjectSection(SolutionItems) = preProject
		ImageProcessorRealisation\Options.cs = ImageProcessorRealisation\Options.cs
	EndProjectSection
EndProject
Project("{2150E333-8FDC-42A3-9474-1A3956D46DE8}") = "Services", "Services", "{48547343-2C68-4B79-9971-33F3238C8E6A}"
EndProject
Project("{FAE04EC0-301F-11D3-BF4B-00C04F79EFBC}") = "ChronoServiceTests", "ChronoServiceTests\ChronoServiceTests.csproj", "{250A7277-37EA-42DD-B1D8-F82EB33B20EE}"
EndProject
Project("{FAE04EC0-301F-11D3-BF4B-00C04F79EFBC}") = "ImageProcessorTests", "ImageProcessorTests\ImageProcessorTests.csproj", "{DB1A8C2D-ADE3-4CE8-88D1-D70AA01817FB}"
EndProject
Project("{FAE04EC0-301F-11D3-BF4B-00C04F79EFBC}") = "XUnitLoggingProvider", "XUnitLoggingProvider\XUnitLoggingProvider.csproj", "{72402079-D58B-4A74-83C0-519AC98F1CE0}"
EndProject
Project("{FAE04EC0-301F-11D3-BF4B-00C04F79EFBC}") = "RepositoriesTests", "RepositoriesTests\RepositoriesTests.csproj", "{4D7E9C4C-CB95-4CEE-B291-609BC9D8896F}"
EndProject
Project("{FAE04EC0-301F-11D3-BF4B-00C04F79EFBC}") = "BackendUsage", "BackendUsage\BackendUsage.csproj", "{D22E36D7-31DD-4DF6-9951-A3FE7C11F52E}"
EndProject
Project("{2150E333-8FDC-42A3-9474-1A3956D46DE8}") = "BackendUsages", "BackendUsages", "{000405E9-348A-4D79-BC82-E3655E73B3FC}"
EndProject
Project("{FAE04EC0-301F-11D3-BF4B-00C04F79EFBC}") = "BaseUsage", "BaseUsage\BaseUsage.csproj", "{2D546E0B-0154-4F50-A914-BB70A99AD642}"
EndProject
Project("{FAE04EC0-301F-11D3-BF4B-00C04F79EFBC}") = "BaseUsage.DependencyInjection", "BaseUsage.DependencyInjection\BaseUsage.DependencyInjection.csproj", "{396F7FF2-668B-43E9-A77C-CD403074F69C}"
EndProject
Project("{FAE04EC0-301F-11D3-BF4B-00C04F79EFBC}") = "TechnologicalUI", "TechnologicalUI\TechnologicalUI.csproj", "{3B0AB292-1049-443A-A2FA-CFCF64AB1BB1}"
EndProject
Project("{2150E333-8FDC-42A3-9474-1A3956D46DE8}") = "Web", "Web", "{4BC8A97E-5476-4038-9B06-4B5289555154}"
EndProject
Project("{2150E333-8FDC-42A3-9474-1A3956D46DE8}") = "Technological", "Technological", "{EA607181-0EA7-4832-BF74-9739A0C8352C}"
EndProject
Project("{FAE04EC0-301F-11D3-BF4B-00C04F79EFBC}") = "SolutionInstaller", "SolutionInstaller\SolutionInstaller.csproj", "{2608C4FC-E800-4D91-B584-9CFD379DE036}"
EndProject
Project("{FAE04EC0-301F-11D3-BF4B-00C04F79EFBC}") = "TechnologicalUIHost", "TechnologicalUIHost\TechnologicalUIHost.csproj", "{6AA4A3CE-D2B1-4D8B-92AE-BF50B28AF588}"
EndProject
Project("{2150E333-8FDC-42A3-9474-1A3956D46DE8}") = "Benchmark", "Benchmark", "{416BE033-8A77-419D-947E-E9E0B3B71BFD}"
EndProject
Project("{FAE04EC0-301F-11D3-BF4B-00C04F79EFBC}") = "BenchmarkMeasurerHost", "BenchmarkMeasurerHost\BenchmarkMeasurerHost.csproj", "{2CFC4339-C6AD-44DC-A7C6-D44A23EFCC27}"
EndProject
Project("{FAE04EC0-301F-11D3-BF4B-00C04F79EFBC}") = "BenchmarkMeasurer", "BenchmarkMeasurer\BenchmarkMeasurer.csproj", "{27C02A39-7186-433F-97F1-FDF9376C1557}"
EndProject
Project("{FAE04EC0-301F-11D3-BF4B-00C04F79EFBC}") = "SolutionLurker", "SolutionLurker\SolutionLurker.csproj", "{AB14B407-C87A-4011-BA57-D3E38F5FAB4B}"
EndProject
Project("{FAE04EC0-301F-11D3-BF4B-00C04F79EFBC}") = "E2ETests", "E2ETests\E2ETests.csproj", "{54EAA675-3083-14FB-FBA6-175050B23CC3}"
EndProject
Global
	GlobalSection(SolutionConfigurationPlatforms) = preSolution
		Debug|Any CPU = Debug|Any CPU
		Release|Any CPU = Release|Any CPU
	EndGlobalSection
	GlobalSection(ProjectConfigurationPlatforms) = postSolution
		{FB806204-0E0F-4291-8323-56325A0D995A}.Debug|Any CPU.ActiveCfg = Debug|Any CPU
		{FB806204-0E0F-4291-8323-56325A0D995A}.Debug|Any CPU.Build.0 = Debug|Any CPU
		{FB806204-0E0F-4291-8323-56325A0D995A}.Release|Any CPU.ActiveCfg = Release|Any CPU
		{FB806204-0E0F-4291-8323-56325A0D995A}.Release|Any CPU.Build.0 = Release|Any CPU
		{DBFF1291-6DEF-43A8-BE80-E9F475B14BBA}.Debug|Any CPU.ActiveCfg = Debug|Any CPU
		{DBFF1291-6DEF-43A8-BE80-E9F475B14BBA}.Debug|Any CPU.Build.0 = Debug|Any CPU
		{DBFF1291-6DEF-43A8-BE80-E9F475B14BBA}.Release|Any CPU.ActiveCfg = Release|Any CPU
		{DBFF1291-6DEF-43A8-BE80-E9F475B14BBA}.Release|Any CPU.Build.0 = Release|Any CPU
		{E47FA2CD-B70A-41B3-8CCF-1922E4891002}.Debug|Any CPU.ActiveCfg = Debug|Any CPU
		{E47FA2CD-B70A-41B3-8CCF-1922E4891002}.Debug|Any CPU.Build.0 = Debug|Any CPU
		{E47FA2CD-B70A-41B3-8CCF-1922E4891002}.Release|Any CPU.ActiveCfg = Release|Any CPU
		{E47FA2CD-B70A-41B3-8CCF-1922E4891002}.Release|Any CPU.Build.0 = Release|Any CPU
		{B7F702CA-9224-4E80-A8FD-6C3C87417277}.Debug|Any CPU.ActiveCfg = Debug|Any CPU
		{B7F702CA-9224-4E80-A8FD-6C3C87417277}.Debug|Any CPU.Build.0 = Debug|Any CPU
		{B7F702CA-9224-4E80-A8FD-6C3C87417277}.Release|Any CPU.ActiveCfg = Release|Any CPU
		{B7F702CA-9224-4E80-A8FD-6C3C87417277}.Release|Any CPU.Build.0 = Release|Any CPU
		{42FDDEBE-7D64-4DB2-B777-E0945F5672A6}.Debug|Any CPU.ActiveCfg = Debug|Any CPU
		{42FDDEBE-7D64-4DB2-B777-E0945F5672A6}.Debug|Any CPU.Build.0 = Debug|Any CPU
		{42FDDEBE-7D64-4DB2-B777-E0945F5672A6}.Release|Any CPU.ActiveCfg = Release|Any CPU
		{42FDDEBE-7D64-4DB2-B777-E0945F5672A6}.Release|Any CPU.Build.0 = Release|Any CPU
		{21F9895C-6A76-4E28-946D-CE8B046390CE}.Debug|Any CPU.ActiveCfg = Debug|Any CPU
		{21F9895C-6A76-4E28-946D-CE8B046390CE}.Debug|Any CPU.Build.0 = Debug|Any CPU
		{21F9895C-6A76-4E28-946D-CE8B046390CE}.Release|Any CPU.ActiveCfg = Release|Any CPU
		{21F9895C-6A76-4E28-946D-CE8B046390CE}.Release|Any CPU.Build.0 = Release|Any CPU
		{F70D5431-3A11-473D-8B7C-4CE08E99FD74}.Debug|Any CPU.ActiveCfg = Debug|Any CPU
		{F70D5431-3A11-473D-8B7C-4CE08E99FD74}.Debug|Any CPU.Build.0 = Debug|Any CPU
		{F70D5431-3A11-473D-8B7C-4CE08E99FD74}.Release|Any CPU.ActiveCfg = Release|Any CPU
		{F70D5431-3A11-473D-8B7C-4CE08E99FD74}.Release|Any CPU.Build.0 = Release|Any CPU
		{1CE260E0-7201-4893-8D5A-8FA828C5EED6}.Debug|Any CPU.ActiveCfg = Debug|Any CPU
		{1CE260E0-7201-4893-8D5A-8FA828C5EED6}.Debug|Any CPU.Build.0 = Debug|Any CPU
		{1CE260E0-7201-4893-8D5A-8FA828C5EED6}.Release|Any CPU.ActiveCfg = Release|Any CPU
		{1CE260E0-7201-4893-8D5A-8FA828C5EED6}.Release|Any CPU.Build.0 = Release|Any CPU
		{81DDED9D-158B-E303-5F62-77A2896D2A5A}.Debug|Any CPU.ActiveCfg = Debug|Any CPU
		{81DDED9D-158B-E303-5F62-77A2896D2A5A}.Debug|Any CPU.Build.0 = Debug|Any CPU
		{81DDED9D-158B-E303-5F62-77A2896D2A5A}.Release|Any CPU.ActiveCfg = Release|Any CPU
		{81DDED9D-158B-E303-5F62-77A2896D2A5A}.Release|Any CPU.Build.0 = Release|Any CPU
		{C8967842-C19E-4D5A-9608-3284CE1592D8}.Debug|Any CPU.ActiveCfg = Debug|Any CPU
		{C8967842-C19E-4D5A-9608-3284CE1592D8}.Debug|Any CPU.Build.0 = Debug|Any CPU
		{C8967842-C19E-4D5A-9608-3284CE1592D8}.Release|Any CPU.ActiveCfg = Release|Any CPU
		{C8967842-C19E-4D5A-9608-3284CE1592D8}.Release|Any CPU.Build.0 = Release|Any CPU
		{250A7277-37EA-42DD-B1D8-F82EB33B20EE}.Debug|Any CPU.ActiveCfg = Debug|Any CPU
		{250A7277-37EA-42DD-B1D8-F82EB33B20EE}.Debug|Any CPU.Build.0 = Debug|Any CPU
		{250A7277-37EA-42DD-B1D8-F82EB33B20EE}.Release|Any CPU.ActiveCfg = Release|Any CPU
		{250A7277-37EA-42DD-B1D8-F82EB33B20EE}.Release|Any CPU.Build.0 = Release|Any CPU
		{DB1A8C2D-ADE3-4CE8-88D1-D70AA01817FB}.Debug|Any CPU.ActiveCfg = Debug|Any CPU
		{DB1A8C2D-ADE3-4CE8-88D1-D70AA01817FB}.Debug|Any CPU.Build.0 = Debug|Any CPU
		{DB1A8C2D-ADE3-4CE8-88D1-D70AA01817FB}.Release|Any CPU.ActiveCfg = Release|Any CPU
		{DB1A8C2D-ADE3-4CE8-88D1-D70AA01817FB}.Release|Any CPU.Build.0 = Release|Any CPU
		{72402079-D58B-4A74-83C0-519AC98F1CE0}.Debug|Any CPU.ActiveCfg = Debug|Any CPU
		{72402079-D58B-4A74-83C0-519AC98F1CE0}.Debug|Any CPU.Build.0 = Debug|Any CPU
		{72402079-D58B-4A74-83C0-519AC98F1CE0}.Release|Any CPU.ActiveCfg = Release|Any CPU
		{72402079-D58B-4A74-83C0-519AC98F1CE0}.Release|Any CPU.Build.0 = Release|Any CPU
		{4D7E9C4C-CB95-4CEE-B291-609BC9D8896F}.Debug|Any CPU.ActiveCfg = Debug|Any CPU
		{4D7E9C4C-CB95-4CEE-B291-609BC9D8896F}.Debug|Any CPU.Build.0 = Debug|Any CPU
		{4D7E9C4C-CB95-4CEE-B291-609BC9D8896F}.Release|Any CPU.ActiveCfg = Release|Any CPU
		{4D7E9C4C-CB95-4CEE-B291-609BC9D8896F}.Release|Any CPU.Build.0 = Release|Any CPU
		{D22E36D7-31DD-4DF6-9951-A3FE7C11F52E}.Debug|Any CPU.ActiveCfg = Debug|Any CPU
		{D22E36D7-31DD-4DF6-9951-A3FE7C11F52E}.Debug|Any CPU.Build.0 = Debug|Any CPU
		{D22E36D7-31DD-4DF6-9951-A3FE7C11F52E}.Release|Any CPU.ActiveCfg = Release|Any CPU
		{D22E36D7-31DD-4DF6-9951-A3FE7C11F52E}.Release|Any CPU.Build.0 = Release|Any CPU
		{2D546E0B-0154-4F50-A914-BB70A99AD642}.Debug|Any CPU.ActiveCfg = Debug|Any CPU
		{2D546E0B-0154-4F50-A914-BB70A99AD642}.Debug|Any CPU.Build.0 = Debug|Any CPU
		{2D546E0B-0154-4F50-A914-BB70A99AD642}.Release|Any CPU.ActiveCfg = Release|Any CPU
		{2D546E0B-0154-4F50-A914-BB70A99AD642}.Release|Any CPU.Build.0 = Release|Any CPU
		{396F7FF2-668B-43E9-A77C-CD403074F69C}.Debug|Any CPU.ActiveCfg = Debug|Any CPU
		{396F7FF2-668B-43E9-A77C-CD403074F69C}.Debug|Any CPU.Build.0 = Debug|Any CPU
		{396F7FF2-668B-43E9-A77C-CD403074F69C}.Release|Any CPU.ActiveCfg = Release|Any CPU
		{396F7FF2-668B-43E9-A77C-CD403074F69C}.Release|Any CPU.Build.0 = Release|Any CPU
		{3B0AB292-1049-443A-A2FA-CFCF64AB1BB1}.Debug|Any CPU.ActiveCfg = Debug|Any CPU
		{3B0AB292-1049-443A-A2FA-CFCF64AB1BB1}.Debug|Any CPU.Build.0 = Debug|Any CPU
		{3B0AB292-1049-443A-A2FA-CFCF64AB1BB1}.Release|Any CPU.ActiveCfg = Release|Any CPU
		{3B0AB292-1049-443A-A2FA-CFCF64AB1BB1}.Release|Any CPU.Build.0 = Release|Any CPU
		{2608C4FC-E800-4D91-B584-9CFD379DE036}.Debug|Any CPU.ActiveCfg = Debug|Any CPU
		{2608C4FC-E800-4D91-B584-9CFD379DE036}.Debug|Any CPU.Build.0 = Debug|Any CPU
		{2608C4FC-E800-4D91-B584-9CFD379DE036}.Release|Any CPU.ActiveCfg = Release|Any CPU
		{2608C4FC-E800-4D91-B584-9CFD379DE036}.Release|Any CPU.Build.0 = Release|Any CPU
		{6AA4A3CE-D2B1-4D8B-92AE-BF50B28AF588}.Debug|Any CPU.ActiveCfg = Debug|Any CPU
		{6AA4A3CE-D2B1-4D8B-92AE-BF50B28AF588}.Debug|Any CPU.Build.0 = Debug|Any CPU
		{6AA4A3CE-D2B1-4D8B-92AE-BF50B28AF588}.Release|Any CPU.ActiveCfg = Release|Any CPU
		{6AA4A3CE-D2B1-4D8B-92AE-BF50B28AF588}.Release|Any CPU.Build.0 = Release|Any CPU
		{2CFC4339-C6AD-44DC-A7C6-D44A23EFCC27}.Debug|Any CPU.ActiveCfg = Debug|Any CPU
		{2CFC4339-C6AD-44DC-A7C6-D44A23EFCC27}.Debug|Any CPU.Build.0 = Debug|Any CPU
		{2CFC4339-C6AD-44DC-A7C6-D44A23EFCC27}.Release|Any CPU.ActiveCfg = Release|Any CPU
		{2CFC4339-C6AD-44DC-A7C6-D44A23EFCC27}.Release|Any CPU.Build.0 = Release|Any CPU
		{27C02A39-7186-433F-97F1-FDF9376C1557}.Debug|Any CPU.ActiveCfg = Debug|Any CPU
		{27C02A39-7186-433F-97F1-FDF9376C1557}.Debug|Any CPU.Build.0 = Debug|Any CPU
		{27C02A39-7186-433F-97F1-FDF9376C1557}.Release|Any CPU.ActiveCfg = Release|Any CPU
		{27C02A39-7186-433F-97F1-FDF9376C1557}.Release|Any CPU.Build.0 = Release|Any CPU
		{AB14B407-C87A-4011-BA57-D3E38F5FAB4B}.Debug|Any CPU.ActiveCfg = Debug|Any CPU
		{AB14B407-C87A-4011-BA57-D3E38F5FAB4B}.Debug|Any CPU.Build.0 = Debug|Any CPU
		{AB14B407-C87A-4011-BA57-D3E38F5FAB4B}.Release|Any CPU.ActiveCfg = Release|Any CPU
		{AB14B407-C87A-4011-BA57-D3E38F5FAB4B}.Release|Any CPU.Build.0 = Release|Any CPU
		{54EAA675-3083-14FB-FBA6-175050B23CC3}.Debug|Any CPU.ActiveCfg = Debug|Any CPU
		{54EAA675-3083-14FB-FBA6-175050B23CC3}.Debug|Any CPU.Build.0 = Debug|Any CPU
		{54EAA675-3083-14FB-FBA6-175050B23CC3}.Release|Any CPU.ActiveCfg = Release|Any CPU
		{54EAA675-3083-14FB-FBA6-175050B23CC3}.Release|Any CPU.Build.0 = Release|Any CPU
	EndGlobalSection
	GlobalSection(SolutionProperties) = preSolution
		HideSolutionNode = FALSE
	EndGlobalSection
	GlobalSection(NestedProjects) = preSolution
		{FB806204-0E0F-4291-8323-56325A0D995A} = {4BC8A97E-5476-4038-9B06-4B5289555154}
		{DBFF1291-6DEF-43A8-BE80-E9F475B14BBA} = {48547343-2C68-4B79-9971-33F3238C8E6A}
		{E47FA2CD-B70A-41B3-8CCF-1922E4891002} = {4F8C684C-8A5F-4193-AEAF-1416413E9A69}
		{B7F702CA-9224-4E80-A8FD-6C3C87417277} = {4F8C684C-8A5F-4193-AEAF-1416413E9A69}
		{42FDDEBE-7D64-4DB2-B777-E0945F5672A6} = {4F8C684C-8A5F-4193-AEAF-1416413E9A69}
		{21F9895C-6A76-4E28-946D-CE8B046390CE} = {48547343-2C68-4B79-9971-33F3238C8E6A}
		{F70D5431-3A11-473D-8B7C-4CE08E99FD74} = {36D591C7-65C7-A0D1-1CBC-10CDE441BDC8}
		{1CE260E0-7201-4893-8D5A-8FA828C5EED6} = {8D3BD898-2439-4FC2-87D1-4390B07F2772}
		{81DDED9D-158B-E303-5F62-77A2896D2A5A} = {4BC8A97E-5476-4038-9B06-4B5289555154}
		{C8967842-C19E-4D5A-9608-3284CE1592D8} = {24E3B766-8288-4D75-8EFD-7279D6E890B7}
		{250A7277-37EA-42DD-B1D8-F82EB33B20EE} = {36D591C7-65C7-A0D1-1CBC-10CDE441BDC8}
		{DB1A8C2D-ADE3-4CE8-88D1-D70AA01817FB} = {24E3B766-8288-4D75-8EFD-7279D6E890B7}
		{72402079-D58B-4A74-83C0-519AC98F1CE0} = {4F8C684C-8A5F-4193-AEAF-1416413E9A69}
		{4D7E9C4C-CB95-4CEE-B291-609BC9D8896F} = {8D3BD898-2439-4FC2-87D1-4390B07F2772}
		{D22E36D7-31DD-4DF6-9951-A3FE7C11F52E} = {4F8C684C-8A5F-4193-AEAF-1416413E9A69}
		{2D546E0B-0154-4F50-A914-BB70A99AD642} = {000405E9-348A-4D79-BC82-E3655E73B3FC}
		{396F7FF2-668B-43E9-A77C-CD403074F69C} = {000405E9-348A-4D79-BC82-E3655E73B3FC}
		{3B0AB292-1049-443A-A2FA-CFCF64AB1BB1} = {EA607181-0EA7-4832-BF74-9739A0C8352C}
		{6AA4A3CE-D2B1-4D8B-92AE-BF50B28AF588} = {EA607181-0EA7-4832-BF74-9739A0C8352C}
		{2CFC4339-C6AD-44DC-A7C6-D44A23EFCC27} = {416BE033-8A77-419D-947E-E9E0B3B71BFD}
		{27C02A39-7186-433F-97F1-FDF9376C1557} = {416BE033-8A77-419D-947E-E9E0B3B71BFD}
		{54EAA675-3083-14FB-FBA6-175050B23CC3} = {4BC8A97E-5476-4038-9B06-4B5289555154}
	EndGlobalSection
	GlobalSection(ExtensibilityGlobals) = postSolution
		SolutionGuid = {A7EFF7A1-7D80-4BCC-8E4F-C0FC9FD3C830}
	EndGlobalSection
EndGlobal
