
Microsoft Visual Studio Solution File, Format Version 12.00
# Visual Studio Version 17
VisualStudioVersion = 17.6.33829.357
MinimumVisualStudioVersion = 10.0.40219.1
Project("{9A19103F-16F7-4668-BE54-9A1E7A4F7556}") = "CompetitiveBackend", "CompetitiveBackend\CompetitiveBackend.csproj", "{FB806204-0E0F-4291-8323-56325A0D995A}"
EndProject
Project("{FAE04EC0-301F-11D3-BF4B-00C04F79EFBC}") = "ServicesUnitTests", "ServicesUnitTests\ServicesUnitTests.csproj", "{DBFF1291-6DEF-43A8-BE80-E9F475B14BBA}"
EndProject
Project("{FAE04EC0-301F-11D3-BF4B-00C04F79EFBC}") = "Core", "Core\Core.csproj", "{E47FA2CD-B70A-41B3-8CCF-1922E4891002}"
EndProject
Project("{FAE04EC0-301F-11D3-BF4B-00C04F79EFBC}") = "Services", "Services\Services.csproj", "{B7F702CA-9224-4E80-A8FD-6C3C87417277}"
EndProject
Project("{FAE04EC0-301F-11D3-BF4B-00C04F79EFBC}") = "Repositories", "Repositories\Repositories.csproj", "{42FDDEBE-7D64-4DB2-B777-E0945F5672A6}"
EndProject
Project("{FAE04EC0-301F-11D3-BF4B-00C04F79EFBC}") = "ServicesRealisation", "ServicesRealisation\ServicesRealisation.csproj", "{21F9895C-6A76-4E28-946D-CE8B046390CE}"
EndProject
Project("{FAE04EC0-301F-11D3-BF4B-00C04F79EFBC}") = "ChronoServiceRealisation", "ChronoServiceRealisation\ChronoServiceRealisation.csproj", "{F70D5431-3A11-473D-8B7C-4CE08E99FD74}"
EndProject
Project("{FAE04EC0-301F-11D3-BF4B-00C04F79EFBC}") = "RepositoriesRealisation", "RepositoriesRealisation\RepositoriesRealisation.csproj", "{1CE260E0-7201-4893-8D5A-8FA828C5EED6}"
EndProject
Project("{E53339B2-1760-4266-BCC7-CA923CBCF16C}") = "docker-compose", "docker-compose.dcproj", "{81DDED9D-158B-E303-5F62-77A2896D2A5A}"
EndProject
Project("{FAE04EC0-301F-11D3-BF4B-00C04F79EFBC}") = "ImageProcessorRealisation", "ImageProcessorRealisation\ImageProcessorRealisation.csproj", "{C8967842-C19E-4D5A-9608-3284CE1592D8}"
EndProject
Project("{2150E333-8FDC-42A3-9474-1A3956D46DE8}") = "ChronoService", "ChronoService", "{36D591C7-65C7-A0D1-1CBC-10CDE441BDC8}"
EndProject
Project("{2150E333-8FDC-42A3-9474-1A3956D46DE8}") = "ImageProcessor", "ImageProcessor", "{24E3B766-8288-4D75-8EFD-7279D6E890B7}"
EndProject
Project("{2150E333-8FDC-42A3-9474-1A3956D46DE8}") = "Abstractions", "Abstractions", "{4F8C684C-8A5F-4193-AEAF-1416413E9A69}"
EndProject
Project("{2150E333-8FDC-42A3-9474-1A3956D46DE8}") = "Repositories", "Repositories", "{8D3BD898-2439-4FC2-87D1-4390B07F2772}"
EndProject
Project("{2150E333-8FDC-42A3-9474-1A3956D46DE8}") = "Services", "Services", "{48547343-2C68-4B79-9971-33F3238C8E6A}"
EndProject
Project("{FAE04EC0-301F-11D3-BF4B-00C04F79EFBC}") = "ChronoServiceTests", "ChronoServiceTests\ChronoServiceTests.csproj", "{250A7277-37EA-42DD-B1D8-F82EB33B20EE}"
EndProject
Project("{FAE04EC0-301F-11D3-BF4B-00C04F79EFBC}") = "ImageProcessorTests", "ImageProcessorTests\ImageProcessorTests.csproj", "{DB1A8C2D-ADE3-4CE8-88D1-D70AA01817FB}"
EndProject
Project("{FAE04EC0-301F-11D3-BF4B-00C04F79EFBC}") = "XUnitLoggingProvider", "XUnitLoggingProvider\XUnitLoggingProvider.csproj", "{72402079-D58B-4A74-83C0-519AC98F1CE0}"
EndProject
Global
	GlobalSection(SolutionConfigurationPlatforms) = preSolution
		Debug|Any CPU = Debug|Any CPU
		Release|Any CPU = Release|Any CPU
	EndGlobalSection
	GlobalSection(ProjectConfigurationPlatforms) = postSolution
		{FB806204-0E0F-4291-8323-56325A0D995A}.Debug|Any CPU.ActiveCfg = Debug|Any CPU
		{FB806204-0E0F-4291-8323-56325A0D995A}.Debug|Any CPU.Build.0 = Debug|Any CPU
		{FB806204-0E0F-4291-8323-56325A0D995A}.Release|Any CPU.ActiveCfg = Release|Any CPU
		{FB806204-0E0F-4291-8323-56325A0D995A}.Release|Any CPU.Build.0 = Release|Any CPU
		{DBFF1291-6DEF-43A8-BE80-E9F475B14BBA}.Debug|Any CPU.ActiveCfg = Debug|Any CPU
		{DBFF1291-6DEF-43A8-BE80-E9F475B14BBA}.Debug|Any CPU.Build.0 = Debug|Any CPU
		{DBFF1291-6DEF-43A8-BE80-E9F475B14BBA}.Release|Any CPU.ActiveCfg = Release|Any CPU
		{DBFF1291-6DEF-43A8-BE80-E9F475B14BBA}.Release|Any CPU.Build.0 = Release|Any CPU
		{E47FA2CD-B70A-41B3-8CCF-1922E4891002}.Debug|Any CPU.ActiveCfg = Debug|Any CPU
		{E47FA2CD-B70A-41B3-8CCF-1922E4891002}.Debug|Any CPU.Build.0 = Debug|Any CPU
		{E47FA2CD-B70A-41B3-8CCF-1922E4891002}.Release|Any CPU.ActiveCfg = Release|Any CPU
		{E47FA2CD-B70A-41B3-8CCF-1922E4891002}.Release|Any CPU.Build.0 = Release|Any CPU
		{B7F702CA-9224-4E80-A8FD-6C3C87417277}.Debug|Any CPU.ActiveCfg = Debug|Any CPU
		{B7F702CA-9224-4E80-A8FD-6C3C87417277}.Debug|Any CPU.Build.0 = Debug|Any CPU
		{B7F702CA-9224-4E80-A8FD-6C3C87417277}.Release|Any CPU.ActiveCfg = Release|Any CPU
		{B7F702CA-9224-4E80-A8FD-6C3C87417277}.Release|Any CPU.Build.0 = Release|Any CPU
		{42FDDEBE-7D64-4DB2-B777-E0945F5672A6}.Debug|Any CPU.ActiveCfg = Debug|Any CPU
		{42FDDEBE-7D64-4DB2-B777-E0945F5672A6}.Debug|Any CPU.Build.0 = Debug|Any CPU
		{42FDDEBE-7D64-4DB2-B777-E0945F5672A6}.Release|Any CPU.ActiveCfg = Release|Any CPU
		{42FDDEBE-7D64-4DB2-B777-E0945F5672A6}.Release|Any CPU.Build.0 = Release|Any CPU
		{21F9895C-6A76-4E28-946D-CE8B046390CE}.Debug|Any CPU.ActiveCfg = Debug|Any CPU
		{21F9895C-6A76-4E28-946D-CE8B046390CE}.Debug|Any CPU.Build.0 = Debug|Any CPU
		{21F9895C-6A76-4E28-946D-CE8B046390CE}.Release|Any CPU.ActiveCfg = Release|Any CPU
		{21F9895C-6A76-4E28-946D-CE8B046390CE}.Release|Any CPU.Build.0 = Release|Any CPU
		{F70D5431-3A11-473D-8B7C-4CE08E99FD74}.Debug|Any CPU.ActiveCfg = Debug|Any CPU
		{F70D5431-3A11-473D-8B7C-4CE08E99FD74}.Debug|Any CPU.Build.0 = Debug|Any CPU
		{F70D5431-3A11-473D-8B7C-4CE08E99FD74}.Release|Any CPU.ActiveCfg = Release|Any CPU
		{F70D5431-3A11-473D-8B7C-4CE08E99FD74}.Release|Any CPU.Build.0 = Release|Any CPU
		{1CE260E0-7201-4893-8D5A-8FA828C5EED6}.Debug|Any CPU.ActiveCfg = Debug|Any CPU
		{1CE260E0-7201-4893-8D5A-8FA828C5EED6}.Debug|Any CPU.Build.0 = Debug|Any CPU
		{1CE260E0-7201-4893-8D5A-8FA828C5EED6}.Release|Any CPU.ActiveCfg = Release|Any CPU
		{1CE260E0-7201-4893-8D5A-8FA828C5EED6}.Release|Any CPU.Build.0 = Release|Any CPU
		{81DDED9D-158B-E303-5F62-77A2896D2A5A}.Debug|Any CPU.ActiveCfg = Debug|Any CPU
		{81DDED9D-158B-E303-5F62-77A2896D2A5A}.Debug|Any CPU.Build.0 = Debug|Any CPU
		{81DDED9D-158B-E303-5F62-77A2896D2A5A}.Release|Any CPU.ActiveCfg = Release|Any CPU
		{81DDED9D-158B-E303-5F62-77A2896D2A5A}.Release|Any CPU.Build.0 = Release|Any CPU
		{C8967842-C19E-4D5A-9608-3284CE1592D8}.Debug|Any CPU.ActiveCfg = Debug|Any CPU
		{C8967842-C19E-4D5A-9608-3284CE1592D8}.Debug|Any CPU.Build.0 = Debug|Any CPU
		{C8967842-C19E-4D5A-9608-3284CE1592D8}.Release|Any CPU.ActiveCfg = Release|Any CPU
		{C8967842-C19E-4D5A-9608-3284CE1592D8}.Release|Any CPU.Build.0 = Release|Any CPU
		{250A7277-37EA-42DD-B1D8-F82EB33B20EE}.Debug|Any CPU.ActiveCfg = Debug|Any CPU
		{250A7277-37EA-42DD-B1D8-F82EB33B20EE}.Debug|Any CPU.Build.0 = Debug|Any CPU
		{250A7277-37EA-42DD-B1D8-F82EB33B20EE}.Release|Any CPU.ActiveCfg = Release|Any CPU
		{250A7277-37EA-42DD-B1D8-F82EB33B20EE}.Release|Any CPU.Build.0 = Release|Any CPU
		{DB1A8C2D-ADE3-4CE8-88D1-D70AA01817FB}.Debug|Any CPU.ActiveCfg = Debug|Any CPU
		{DB1A8C2D-ADE3-4CE8-88D1-D70AA01817FB}.Debug|Any CPU.Build.0 = Debug|Any CPU
		{DB1A8C2D-ADE3-4CE8-88D1-D70AA01817FB}.Release|Any CPU.ActiveCfg = Release|Any CPU
		{DB1A8C2D-ADE3-4CE8-88D1-D70AA01817FB}.Release|Any CPU.Build.0 = Release|Any CPU
		{72402079-D58B-4A74-83C0-519AC98F1CE0}.Debug|Any CPU.ActiveCfg = Debug|Any CPU
		{72402079-D58B-4A74-83C0-519AC98F1CE0}.Debug|Any CPU.Build.0 = Debug|Any CPU
		{72402079-D58B-4A74-83C0-519AC98F1CE0}.Release|Any CPU.ActiveCfg = Release|Any CPU
		{72402079-D58B-4A74-83C0-519AC98F1CE0}.Release|Any CPU.Build.0 = Release|Any CPU
	EndGlobalSection
	GlobalSection(SolutionProperties) = preSolution
		HideSolutionNode = FALSE
	EndGlobalSection
	GlobalSection(NestedProjects) = preSolution
		{DBFF1291-6DEF-43A8-BE80-E9F475B14BBA} = {48547343-2C68-4B79-9971-33F3238C8E6A}
		{E47FA2CD-B70A-41B3-8CCF-1922E4891002} = {4F8C684C-8A5F-4193-AEAF-1416413E9A69}
		{B7F702CA-9224-4E80-A8FD-6C3C87417277} = {4F8C684C-8A5F-4193-AEAF-1416413E9A69}
		{42FDDEBE-7D64-4DB2-B777-E0945F5672A6} = {4F8C684C-8A5F-4193-AEAF-1416413E9A69}
		{21F9895C-6A76-4E28-946D-CE8B046390CE} = {48547343-2C68-4B79-9971-33F3238C8E6A}
		{F70D5431-3A11-473D-8B7C-4CE08E99FD74} = {36D591C7-65C7-A0D1-1CBC-10CDE441BDC8}
		{1CE260E0-7201-4893-8D5A-8FA828C5EED6} = {8D3BD898-2439-4FC2-87D1-4390B07F2772}
		{C8967842-C19E-4D5A-9608-3284CE1592D8} = {24E3B766-8288-4D75-8EFD-7279D6E890B7}
		{250A7277-37EA-42DD-B1D8-F82EB33B20EE} = {36D591C7-65C7-A0D1-1CBC-10CDE441BDC8}
		{DB1A8C2D-ADE3-4CE8-88D1-D70AA01817FB} = {24E3B766-8288-4D75-8EFD-7279D6E890B7}
		{72402079-D58B-4A74-83C0-519AC98F1CE0} = {4F8C684C-8A5F-4193-AEAF-1416413E9A69}
	EndGlobalSection
	GlobalSection(ExtensibilityGlobals) = postSolution
		SolutionGuid = {A7EFF7A1-7D80-4BCC-8E4F-C0FC9FD3C830}
	EndGlobalSection
EndGlobal
